{
    "_meta": {
        "hash": {
            "sha256": "5b4a74d624b7ff3ba5ea3c98591c9af48f5e8ba34a5cc422544daaf640d3fe0a"
        },
        "pipfile-spec": 6,
        "requires": {
            "python_version": "3.9"
        },
        "sources": [
            {
                "name": "pypi",
                "url": "https://pypi.org/simple",
                "verify_ssl": true
            }
        ]
    },
    "default": {
        "blinker": {
            "hashes": [
                "sha256:b4ce2265a7abece45e7cc896e98dbebe6cead56bcf805a3d23136d145f5445bf",
                "sha256:ba0efaa9080b619ff2f3459d1d500c57bddea4a6b424b60a91141db6fd2f08bc"
            ],
            "markers": "python_version >= '3.9'",
            "version": "==1.9.0"
        },
        "click": {
            "hashes": [
                "sha256:63c132bbbed01578a06712a2d1f497bb62d9c1c0d329b7903a866228027263b2",
                "sha256:ed53c9d8990d83c2a27deae68e4ee337473f6330c040a31d4225c9574d16096a"
            ],
            "markers": "python_version >= '3.7'",
            "version": "==8.1.8"
        },
        "dnspython": {
            "hashes": [
                "sha256:b4c34b7d10b51bcc3a5071e7b8dee77939f1e878477eeecc965e9835f63c6c86",
                "sha256:ce9c432eda0dc91cf618a5cedf1a4e142651196bbcd2c80e89ed5a907e5cfaf1"
            ],
            "markers": "python_version >= '3.9'",
            "version": "==2.7.0"
        },
        "flask": {
            "hashes": [
                "sha256:5f873c5184c897c8d9d1b05df1e3d01b14910ce69607a117bd3277098a5836ac",
                "sha256:d667207822eb83f1c4b50949b1623c8fc8d51f2341d65f72e1a1815397551136"
            ],
            "index": "pypi",
            "markers": "python_version >= '3.9'",
            "version": "==3.1.0"
        },
        "importlib-metadata": {
            "hashes": [
                "sha256:02a89390c1e15fdfdc0d7c6b25cb3e62650d0494005c97d6f148bf5b9787525e",
                "sha256:310b41d755445d74569f993ccfc22838295d9fe005425094fad953d7f15c8580"
            ],
            "markers": "python_version >= '3.9'",
            "version": "==8.6.1"
        },
        "itsdangerous": {
            "hashes": [
                "sha256:c6242fc49e35958c8b15141343aa660db5fc54d4f13a1db01a3f5891b98700ef",
                "sha256:e0050c0b7da1eea53ffaf149c0cfbb5c6e2e2b69c4bef22c81fa6eb73e5f6173"
            ],
            "markers": "python_version >= '3.8'",
            "version": "==2.2.0"
        },
        "jinja2": {
            "hashes": [
                "sha256:8fefff8dc3034e27bb80d67c671eb8a9bc424c0ef4c0826edbff304cceff43bb",
                "sha256:aba0f4dc9ed8013c424088f68a5c226f7d6097ed89b246d7749c2ec4175c6adb"
            ],
            "markers": "python_version >= '3.7'",
            "version": "==3.1.5"
        },
        "markupsafe": {
            "hashes": [
                "sha256:0bff5e0ae4ef2e1ae4fdf2dfd5b76c75e5c2fa4132d05fc1b0dabcd20c7e28c4",
                "sha256:0f4ca02bea9a23221c0182836703cbf8930c5e9454bacce27e767509fa286a30",
                "sha256:1225beacc926f536dc82e45f8a4d68502949dc67eea90eab715dea3a21c1b5f0",
                "sha256:131a3c7689c85f5ad20f9f6fb1b866f402c445b220c19fe4308c0b147ccd2ad9",
                "sha256:15ab75ef81add55874e7ab7055e9c397312385bd9ced94920f2802310c930396",
                "sha256:1a9d3f5f0901fdec14d8d2f66ef7d035f2157240a433441719ac9a3fba440b13",
                "sha256:1c99d261bd2d5f6b59325c92c73df481e05e57f19837bdca8413b9eac4bd8028",
                "sha256:1e084f686b92e5b83186b07e8a17fc09e38fff551f3602b249881fec658d3eca",
                "sha256:2181e67807fc2fa785d0592dc2d6206c019b9502410671cc905d132a92866557",
                "sha256:2cb8438c3cbb25e220c2ab33bb226559e7afb3baec11c4f218ffa7308603c832",
                "sha256:3169b1eefae027567d1ce6ee7cae382c57fe26e82775f460f0b2778beaad66c0",
                "sha256:3809ede931876f5b2ec92eef964286840ed3540dadf803dd570c3b7e13141a3b",
                "sha256:38a9ef736c01fccdd6600705b09dc574584b89bea478200c5fbf112a6b0d5579",
                "sha256:3d79d162e7be8f996986c064d1c7c817f6df3a77fe3d6859f6f9e7be4b8c213a",
                "sha256:444dcda765c8a838eaae23112db52f1efaf750daddb2d9ca300bcae1039adc5c",
                "sha256:48032821bbdf20f5799ff537c7ac3d1fba0ba032cfc06194faffa8cda8b560ff",
                "sha256:4aa4e5faecf353ed117801a068ebab7b7e09ffb6e1d5e412dc852e0da018126c",
                "sha256:52305740fe773d09cffb16f8ed0427942901f00adedac82ec8b67752f58a1b22",
                "sha256:569511d3b58c8791ab4c2e1285575265991e6d8f8700c7be0e88f86cb0672094",
                "sha256:57cb5a3cf367aeb1d316576250f65edec5bb3be939e9247ae594b4bcbc317dfb",
                "sha256:5b02fb34468b6aaa40dfc198d813a641e3a63b98c2b05a16b9f80b7ec314185e",
                "sha256:6381026f158fdb7c72a168278597a5e3a5222e83ea18f543112b2662a9b699c5",
                "sha256:6af100e168aa82a50e186c82875a5893c5597a0c1ccdb0d8b40240b1f28b969a",
                "sha256:6c89876f41da747c8d3677a2b540fb32ef5715f97b66eeb0c6b66f5e3ef6f59d",
                "sha256:6e296a513ca3d94054c2c881cc913116e90fd030ad1c656b3869762b754f5f8a",
                "sha256:70a87b411535ccad5ef2f1df5136506a10775d267e197e4cf531ced10537bd6b",
                "sha256:7e94c425039cde14257288fd61dcfb01963e658efbc0ff54f5306b06054700f8",
                "sha256:846ade7b71e3536c4e56b386c2a47adf5741d2d8b94ec9dc3e92e5e1ee1e2225",
                "sha256:88416bd1e65dcea10bc7569faacb2c20ce071dd1f87539ca2ab364bf6231393c",
                "sha256:88b49a3b9ff31e19998750c38e030fc7bb937398b1f78cfa599aaef92d693144",
                "sha256:8c4e8c3ce11e1f92f6536ff07154f9d49677ebaaafc32db9db4620bc11ed480f",
                "sha256:8e06879fc22a25ca47312fbe7c8264eb0b662f6db27cb2d3bbbc74b1df4b9b87",
                "sha256:9025b4018f3a1314059769c7bf15441064b2207cb3f065e6ea1e7359cb46db9d",
                "sha256:93335ca3812df2f366e80509ae119189886b0f3c2b81325d39efdb84a1e2ae93",
                "sha256:9778bd8ab0a994ebf6f84c2b949e65736d5575320a17ae8984a77fab08db94cf",
                "sha256:9e2d922824181480953426608b81967de705c3cef4d1af983af849d7bd619158",
                "sha256:a123e330ef0853c6e822384873bef7507557d8e4a082961e1defa947aa59ba84",
                "sha256:a904af0a6162c73e3edcb969eeeb53a63ceeb5d8cf642fade7d39e7963a22ddb",
                "sha256:ad10d3ded218f1039f11a75f8091880239651b52e9bb592ca27de44eed242a48",
                "sha256:b424c77b206d63d500bcb69fa55ed8d0e6a3774056bdc4839fc9298a7edca171",
                "sha256:b5a6b3ada725cea8a5e634536b1b01c30bcdcd7f9c6fff4151548d5bf6b3a36c",
                "sha256:ba8062ed2cf21c07a9e295d5b8a2a5ce678b913b45fdf68c32d95d6c1291e0b6",
                "sha256:ba9527cdd4c926ed0760bc301f6728ef34d841f405abf9d4f959c478421e4efd",
                "sha256:bbcb445fa71794da8f178f0f6d66789a28d7319071af7a496d4d507ed566270d",
                "sha256:bcf3e58998965654fdaff38e58584d8937aa3096ab5354d493c77d1fdd66d7a1",
                "sha256:c0ef13eaeee5b615fb07c9a7dadb38eac06a0608b41570d8ade51c56539e509d",
                "sha256:cabc348d87e913db6ab4aa100f01b08f481097838bdddf7c7a84b7575b7309ca",
                "sha256:cdb82a876c47801bb54a690c5ae105a46b392ac6099881cdfb9f6e95e4014c6a",
                "sha256:cfad01eed2c2e0c01fd0ecd2ef42c492f7f93902e39a42fc9ee1692961443a29",
                "sha256:d16a81a06776313e817c951135cf7340a3e91e8c1ff2fac444cfd75fffa04afe",
                "sha256:d8213e09c917a951de9d09ecee036d5c7d36cb6cb7dbaece4c71a60d79fb9798",
                "sha256:e07c3764494e3776c602c1e78e298937c3315ccc9043ead7e685b7f2b8d47b3c",
                "sha256:e17c96c14e19278594aa4841ec148115f9c7615a47382ecb6b82bd8fea3ab0c8",
                "sha256:e444a31f8db13eb18ada366ab3cf45fd4b31e4db1236a4448f68778c1d1a5a2f",
                "sha256:e6a2a455bd412959b57a172ce6328d2dd1f01cb2135efda2e4576e8a23fa3b0f",
                "sha256:eaa0a10b7f72326f1372a713e73c3f739b524b3af41feb43e4921cb529f5929a",
                "sha256:eb7972a85c54febfb25b5c4b4f3af4dcc731994c7da0d8a0b4a6eb0640e1d178",
                "sha256:ee55d3edf80167e48ea11a923c7386f4669df67d7994554387f84e7d8b0a2bf0",
                "sha256:f3818cb119498c0678015754eba762e0d61e5b52d34c8b13d770f0719f7b1d79",
                "sha256:f8b3d067f2e40fe93e1ccdd6b2e1d16c43140e76f02fb1319a05cf2b79d99430",
                "sha256:fcabf5ff6eea076f859677f5f0b6b5c1a51e70a376b0579e0eadef8db48c6b50"
            ],
            "markers": "python_version >= '3.9'",
            "version": "==3.0.2"
        },
        "pymongo": {
            "hashes": [
                "sha256:0a8aba4818350d2a463e084ae2426d395e725525fe86bd0219240b265dc1ca52",
                "sha256:1518931a4a26d3cb31a97b9187087c6378cd0b0401d7a7cc160e92223a2a3059",
                "sha256:157e6a722d051c4bab3e6bc34a1f80fc98101cf2d12139a94e51638d023198c5",
                "sha256:15a88b25efcd61c5e539e9204932849b20f393efa330771676e860c4466fe8ad",
                "sha256:163c887384cb9fd16e0463128600867138a5a9a5344fc0903db08494b39a2d6e",
                "sha256:18b669e15922316e25a318cf9ba594eae5a6c24285a70f455ea01571d70a47d2",
                "sha256:1cc6d48b74e9abe544dd71b000453ad06e65cbfcfd57c7342a9f012f65532eb2",
                "sha256:1ed3c885ac221ddebd3e894aeae7b6bd84e7dbd4fd59f03e551d8f51455c7e9b",
                "sha256:1f871efa14a1f368559edff39ec03799ca108bfa8e1ba330b7ffc05eb958661f",
                "sha256:25b7cadae1d5287b2eed3d901a347f3fa9bc3f898532e1cb7f28a1c9237d824d",
                "sha256:2737ad54f0cd38e19ebf76e6f34dbbc6927615a2973425e64475d15a65fc2f6b",
                "sha256:27bc58e0b1bebb17d2426d0cc191c579f2eeaf9692be880f93fe4180cf850ca7",
                "sha256:2d1d956c15dd05f1e41c61f0dbcaec59f274db4814cff2c3d9c2508f58004c39",
                "sha256:2d7f291245c1688655aa308bbba7c9afa8116692c4fa6ad2646a835ed277a67b",
                "sha256:34d8b0ee57ad2a07ecdccec06269a4530767c2befb68f4a185113c866ad20b00",
                "sha256:3757ce9257c3486eead45680a8895a0ed9ba27efaf1791fc0cf854367c21c638",
                "sha256:3854db4be39cb9e0c34add1fd7e515deab0b4ee30f3cc3978e057746d119ac12",
                "sha256:3b01623eb4a7ac58706e1920a94fbb47465f8ee19e7fbbb077e1707e37678863",
                "sha256:3fe9589d9a83f6e2abe88f32daa410276eddd038eb8f8f75975cf8ce834cea1f",
                "sha256:488d1da6201e1350cfcd4deab599b32237ac2ac591180d44553a2c8e614f2c0e",
                "sha256:490d3fd8006154894319af3a974764bf16baea87100222779f49c75cd8b16d3d",
                "sha256:4aa2c40e391ca29a337bef2b46b495c3f24b5696a87a58f0a0676a8bf131f9f8",
                "sha256:50210249a9bf67937e97205a312b96a4b1250b111cbaaff532d7a61bc2b1562d",
                "sha256:61f9a7ca6eb47378809c94cd8fbdbc5ee90c4bbb0c18ddf5592d25ed95cf939c",
                "sha256:681806d3ecaf29b11e16a45c1f4c28f99d9d8283238f7b6ea9eee93b5d7bc6d2",
                "sha256:698fb3d13126c0719077c98b40378cb9a6f4ab4a72b7691779aa01f1f6c66493",
                "sha256:7007669eef871079d39a9bbcda0fbcd4252f9b575592804343d0b5c05849d65b",
                "sha256:7146ae04300ce6f83b75c639e97c3d0ce873f30edaac4b719ae173e886b9ff90",
                "sha256:74503e853758e1eaa1cad2df9c08c8c35a3d26222cf6426d2cde4b2e8593b9b3",
                "sha256:7751e6e99c79057b09441c6ab2a93fae10b4028478aac5b455db8b12f884a3c0",
                "sha256:7b3ea3494f3e166a524529bb05a4fdda97afd77031fed3a63862fd815288c9df",
                "sha256:7dd7656794bfbfbe10723813332ec33eed29bd9bb7fc122c63829fd445eb8425",
                "sha256:822a73d22970978a6e55751d53eb0948521fc8e1380e306b8644096b5230412f",
                "sha256:889d20850d5aaa4f19814462c06488553e70ed4c62195dbaad5d5662884778af",
                "sha256:892f2137282a0a993d342db6e4e6dc2f3db0b771831c2d505f7055c52c023198",
                "sha256:8a4e82dce301c97bb132dec28a487c1a609dc67948e9db7cbd23485875367204",
                "sha256:8ac125f2782d8fe3f3ff93a396af5482d694093b3be3e06052197096c83acadc",
                "sha256:908e65ab42cd4bf1ffeaafe8f11bb86b3f804d54227058794e33fff2963ccc86",
                "sha256:985a614ec24519f4a3d82aafb766c3f782a452fc46b32112d508a4e19b33fff3",
                "sha256:9e7bac5fb1383a0df8b6881046207da20deb582a54e70c4c53ac9d4bbce323a3",
                "sha256:a63348c850df796199abef7e9afbd86c34449f56731c7ec70b3901df1f5c135b",
                "sha256:aadea45e01103f6ee4e80d76d4a27393a4e2bd93472ce4ebb894781f395e1053",
                "sha256:b56dbb6883ce7adad8588464948e0723a3d881e5549f48c4767f1654e8e4cb7d",
                "sha256:b630596089106c968ddd252bde3fe692c420e24f214dd39ca517d26343d81012",
                "sha256:c71655f4188c70032ba56ac7ead688449e4f86a4ccd8e57201ee283f2f591e1d",
                "sha256:cdd0e404d5c3b1203ee61fcfee40a1f062f3780ce272febdc2378797b00401d1",
                "sha256:d12f4c4579076b7351c63378e22f43d4ce4ed4f2c93208b653c4752f18f47309",
                "sha256:d293cec18624825937bd7f1d8bacf16104c79ced45a8ada93f08ec8a7a2ad17a",
                "sha256:e147e08df329a7d23cbcb6213bc2fd360e51551626be828092fe2027f3473abc",
                "sha256:e596caec72db62a3f438559dfa46d22faefea1967279f553f936ddcb873903df",
                "sha256:e6e46bcd3c2f86f442b721551ed5e5812294e4a93fce42517e173bd41d4cd2d8",
                "sha256:e7073a740aad257f9d2c12cb95a08f17db1f273d422e7ddfed9895738571cac7",
                "sha256:f28d179e7d434869e23f4582c941cb400f75e996cfea472693ec756ee213c685",
                "sha256:f415d9569720f408cc4dcc171f60299d454b0414f120666e6fdd349d414bf010",
                "sha256:f845b46d77a5bcf0c9ee16f11c5bc84c63f4668d9ea4fc54cd923c8d48a1d521",
                "sha256:f96683f1dec7d28f12fe43a4d5c0df35d6b80348a9fbf5aac47fa284332a1f92",
                "sha256:f97f62e6edde15d1d3d08abd7e43f1787ee9e672b1bb8e9d9f5fd6ded24f5599"
            ],
            "index": "pypi",
            "markers": "python_version >= '3.9'",
            "version": "==4.11.1"
        },
        "python-dotenv": {
            "hashes": [
                "sha256:e324ee90a023d808f1959c46bcbc04446a10ced277783dc6ee09987c37ec10ca",
                "sha256:f7b63ef50f1b690dddf550d03497b66d609393b40b564ed0d674909a68ebf16a"
            ],
            "index": "pypi",
            "markers": "python_version >= '3.8'",
            "version": "==1.0.1"
        },
        "werkzeug": {
            "hashes": [
                "sha256:54b78bf3716d19a65be4fceccc0d1d7b89e608834989dfae50ea87564639213e",
                "sha256:60723ce945c19328679790e3282cc758aa4a6040e4bb330f53d30fa546d44746"
            ],
            "markers": "python_version >= '3.9'",
            "version": "==3.1.3"
        },
        "zipp": {
            "hashes": [
                "sha256:2c9958f6430a2040341a52eb608ed6dd93ef4392e02ffe219417c1b28b5dd1f4",
                "sha256:ac1bbe05fd2991f160ebce24ffbac5f6d11d83dc90891255885223d42b3cd931"
            ],
            "markers": "python_version >= '3.9'",
            "version": "==3.21.0"
        }
    },
    "develop": {}
}
